// !$*UTF8*$!
{
	archiveVersion = 1;
	classes = {
	};
	objectVersion = 55;
	objects = {

/* Begin PBXBuildFile section */
		5F5F09AE2874C71700762EEB /* TabBarViewController.swift in Sources */ = {isa = PBXBuildFile; fileRef = 5F5F09AD2874C71600762EEB /* TabBarViewController.swift */; };
		5F7C8F13285AD20900BE9C47 /* PersonDetalisViewController.swift in Sources */ = {isa = PBXBuildFile; fileRef = 5F7C8F12285AD20900BE9C47 /* PersonDetalisViewController.swift */; };
		5F7C8F15285ADD8600BE9C47 /* SecondPersonListTableViewController.swift in Sources */ = {isa = PBXBuildFile; fileRef = 5F7C8F14285ADD8600BE9C47 /* SecondPersonListTableViewController.swift */; };
		5F7D3B4F284B66860068090B /* AppDelegate.swift in Sources */ = {isa = PBXBuildFile; fileRef = 5F7D3B4E284B66860068090B /* AppDelegate.swift */; };
		5F7D3B51284B66860068090B /* SceneDelegate.swift in Sources */ = {isa = PBXBuildFile; fileRef = 5F7D3B50284B66860068090B /* SceneDelegate.swift */; };
		5F7D3B56284B66860068090B /* Main.storyboard in Resources */ = {isa = PBXBuildFile; fileRef = 5F7D3B54284B66860068090B /* Main.storyboard */; };
		5F7D3B58284B66870068090B /* Assets.xcassets in Resources */ = {isa = PBXBuildFile; fileRef = 5F7D3B57284B66870068090B /* Assets.xcassets */; };
		5F7D3B5B284B66870068090B /* LaunchScreen.storyboard in Resources */ = {isa = PBXBuildFile; fileRef = 5F7D3B59284B66870068090B /* LaunchScreen.storyboard */; };
		5F7D3B63284B67140068090B /* Person.swift in Sources */ = {isa = PBXBuildFile; fileRef = 5F7D3B62284B67140068090B /* Person.swift */; };
		5F7D3B65284B67BE0068090B /* DataManager.swift in Sources */ = {isa = PBXBuildFile; fileRef = 5F7D3B64284B67BE0068090B /* DataManager.swift */; };
		5F90472B285195C400F34A20 /* PersonListViewController.swift in Sources */ = {isa = PBXBuildFile; fileRef = 5F90472A285195C400F34A20 /* PersonListViewController.swift */; };
/* End PBXBuildFile section */

/* Begin PBXFileReference section */
		5F5F09AD2874C71600762EEB /* TabBarViewController.swift */ = {isa = PBXFileReference; lastKnownFileType = sourcecode.swift; path = TabBarViewController.swift; sourceTree = "<group>"; };
		5F7C8F12285AD20900BE9C47 /* PersonDetalisViewController.swift */ = {isa = PBXFileReference; lastKnownFileType = sourcecode.swift; path = PersonDetalisViewController.swift; sourceTree = "<group>"; };
		5F7C8F14285ADD8600BE9C47 /* SecondPersonListTableViewController.swift */ = {isa = PBXFileReference; lastKnownFileType = sourcecode.swift; path = SecondPersonListTableViewController.swift; sourceTree = "<group>"; };
		5F7D3B4B284B66860068090B /* ContactList.app */ = {isa = PBXFileReference; explicitFileType = wrapper.application; includeInIndex = 0; path = ContactList.app; sourceTree = BUILT_PRODUCTS_DIR; };
		5F7D3B4E284B66860068090B /* AppDelegate.swift */ = {isa = PBXFileReference; lastKnownFileType = sourcecode.swift; path = AppDelegate.swift; sourceTree = "<group>"; };
		5F7D3B50284B66860068090B /* SceneDelegate.swift */ = {isa = PBXFileReference; lastKnownFileType = sourcecode.swift; path = SceneDelegate.swift; sourceTree = "<group>"; };
		5F7D3B55284B66860068090B /* Base */ = {isa = PBXFileReference; lastKnownFileType = file.storyboard; name = Base; path = Base.lproj/Main.storyboard; sourceTree = "<group>"; };
		5F7D3B57284B66870068090B /* Assets.xcassets */ = {isa = PBXFileReference; lastKnownFileType = folder.assetcatalog; path = Assets.xcassets; sourceTree = "<group>"; };
		5F7D3B5A284B66870068090B /* Base */ = {isa = PBXFileReference; lastKnownFileType = file.storyboard; name = Base; path = Base.lproj/LaunchScreen.storyboard; sourceTree = "<group>"; };
		5F7D3B5C284B66870068090B /* Info.plist */ = {isa = PBXFileReference; lastKnownFileType = text.plist.xml; path = Info.plist; sourceTree = "<group>"; };
		5F7D3B62284B67140068090B /* Person.swift */ = {isa = PBXFileReference; lastKnownFileType = sourcecode.swift; path = Person.swift; sourceTree = "<group>"; };
		5F7D3B64284B67BE0068090B /* DataManager.swift */ = {isa = PBXFileReference; lastKnownFileType = sourcecode.swift; path = DataManager.swift; sourceTree = "<group>"; };
		5F90472A285195C400F34A20 /* PersonListViewController.swift */ = {isa = PBXFileReference; lastKnownFileType = sourcecode.swift; path = PersonListViewController.swift; sourceTree = "<group>"; };
/* End PBXFileReference section */

/* Begin PBXFrameworksBuildPhase section */
		5F7D3B48284B66860068090B /* Frameworks */ = {
			isa = PBXFrameworksBuildPhase;
			buildActionMask = 2147483647;
			files = (
			);
			runOnlyForDeploymentPostprocessing = 0;
		};
/* End PBXFrameworksBuildPhase section */

/* Begin PBXGroup section */
		5F5F09AF2874D13E00762EEB /* Services */ = {
			isa = PBXGroup;
			children = (
				5F7D3B64284B67BE0068090B /* DataManager.swift */,
			);
			path = Services;
			sourceTree = "<group>";
		};
		5F5F09B02874D15D00762EEB /* ViewControllers */ = {
			isa = PBXGroup;
			children = (
				5F5F09AD2874C71600762EEB /* TabBarViewController.swift */,
				5F7C8F12285AD20900BE9C47 /* PersonDetalisViewController.swift */,
				5F7C8F14285ADD8600BE9C47 /* SecondPersonListTableViewController.swift */,
				5F90472A285195C400F34A20 /* PersonListViewController.swift */,
			);
			path = ViewControllers;
			sourceTree = "<group>";
		};
		5F5F09B12874D18800762EEB /* Models */ = {
			isa = PBXGroup;
			children = (
				5F7D3B62284B67140068090B /* Person.swift */,
			);
			path = Models;
			sourceTree = "<group>";
		};
		5F5F09B22874D1F800762EEB /* App */ = {
			isa = PBXGroup;
			children = (
				5F7D3B4E284B66860068090B /* AppDelegate.swift */,
				5F7D3B50284B66860068090B /* SceneDelegate.swift */,
				5F7D3B5C284B66870068090B /* Info.plist */,
			);
			path = App;
			sourceTree = "<group>";
		};
		5F5F09B32874D25D00762EEB /* Storyboards */ = {
			isa = PBXGroup;
			children = (
				5F7D3B54284B66860068090B /* Main.storyboard */,
				5F7D3B59284B66870068090B /* LaunchScreen.storyboard */,
			);
			path = Storyboards;
			sourceTree = "<group>";
		};
		5F5F09B42874D28800762EEB /* Resources */ = {
			isa = PBXGroup;
			children = (
				5F7D3B57284B66870068090B /* Assets.xcassets */,
			);
			path = Resources;
			sourceTree = "<group>";
		};
		5F7D3B42284B66860068090B = {
			isa = PBXGroup;
			children = (
				5F7D3B4D284B66860068090B /* ContactList */,
				5F7D3B4C284B66860068090B /* Products */,
			);
			sourceTree = "<group>";
		};
		5F7D3B4C284B66860068090B /* Products */ = {
			isa = PBXGroup;
			children = (
				5F7D3B4B284B66860068090B /* ContactList.app */,
			);
			name = Products;
			sourceTree = "<group>";
		};
		5F7D3B4D284B66860068090B /* ContactList */ = {
			isa = PBXGroup;
			children = (
				5F5F09B02874D15D00762EEB /* ViewControllers */,
				5F5F09B12874D18800762EEB /* Models */,
				5F5F09AF2874D13E00762EEB /* Services */,
				5F5F09B32874D25D00762EEB /* Storyboards */,
				5F5F09B22874D1F800762EEB /* App */,
				5F5F09B42874D28800762EEB /* Resources */,
			);
			path = ContactList;
			sourceTree = "<group>";
		};
/* End PBXGroup section */

/* Begin PBXNativeTarget section */
		5F7D3B4A284B66860068090B /* ContactList */ = {
			isa = PBXNativeTarget;
			buildConfigurationList = 5F7D3B5F284B66870068090B /* Build configuration list for PBXNativeTarget "ContactList" */;
			buildPhases = (
				5F7D3B47284B66860068090B /* Sources */,
				5F7D3B48284B66860068090B /* Frameworks */,
				5F7D3B49284B66860068090B /* Resources */,
			);
			buildRules = (
			);
			dependencies = (
			);
			name = ContactList;
			productName = ContactList;
			productReference = 5F7D3B4B284B66860068090B /* ContactList.app */;
			productType = "com.apple.product-type.application";
		};
/* End PBXNativeTarget section */

/* Begin PBXProject section */
		5F7D3B43284B66860068090B /* Project object */ = {
			isa = PBXProject;
			attributes = {
				BuildIndependentTargetsInParallel = 1;
				LastSwiftUpdateCheck = 1340;
				LastUpgradeCheck = 1340;
				TargetAttributes = {
					5F7D3B4A284B66860068090B = {
						CreatedOnToolsVersion = 13.4;
					};
				};
			};
			buildConfigurationList = 5F7D3B46284B66860068090B /* Build configuration list for PBXProject "ContactList" */;
			compatibilityVersion = "Xcode 13.0";
			developmentRegion = en;
			hasScannedForEncodings = 0;
			knownRegions = (
				en,
				Base,
			);
			mainGroup = 5F7D3B42284B66860068090B;
			productRefGroup = 5F7D3B4C284B66860068090B /* Products */;
			projectDirPath = "";
			projectRoot = "";
			targets = (
				5F7D3B4A284B66860068090B /* ContactList */,
			);
		};
/* End PBXProject section */

/* Begin PBXResourcesBuildPhase section */
		5F7D3B49284B66860068090B /* Resources */ = {
			isa = PBXResourcesBuildPhase;
			buildActionMask = 2147483647;
			files = (
				5F7D3B5B284B66870068090B /* LaunchScreen.storyboard in Resources */,
				5F7D3B58284B66870068090B /* Assets.xcassets in Resources */,
				5F7D3B56284B66860068090B /* Main.storyboard in Resources */,
			);
			runOnlyForDeploymentPostprocessing = 0;
		};
/* End PBXResourcesBuildPhase section */

/* Begin PBXSourcesBuildPhase section */
		5F7D3B47284B66860068090B /* Sources */ = {
			isa = PBXSourcesBuildPhase;
			buildActionMask = 2147483647;
			files = (
				5F7D3B65284B67BE0068090B /* DataManager.swift in Sources */,
				5F7D3B4F284B66860068090B /* AppDelegate.swift in Sources */,
				5F7C8F15285ADD8600BE9C47 /* SecondPersonListTableViewController.swift in Sources */,
				5F5F09AE2874C71700762EEB /* TabBarViewController.swift in Sources */,
				5F7C8F13285AD20900BE9C47 /* PersonDetalisViewController.swift in Sources */,
				5F90472B285195C400F34A20 /* PersonListViewController.swift in Sources */,
				5F7D3B63284B67140068090B /* Person.swift in Sources */,
				5F7D3B51284B66860068090B /* SceneDelegate.swift in Sources */,
			);
			runOnlyForDeploymentPostprocessing = 0;
		};
/* End PBXSourcesBuildPhase section */

/* Begin PBXVariantGroup section */
		5F7D3B54284B66860068090B /* Main.storyboard */ = {
			isa = PBXVariantGroup;
			children = (
				5F7D3B55284B66860068090B /* Base */,
			);
			name = Main.storyboard;
			sourceTree = "<group>";
		};
		5F7D3B59284B66870068090B /* LaunchScreen.storyboard */ = {
			isa = PBXVariantGroup;
			children = (
				5F7D3B5A284B66870068090B /* Base */,
			);
			name = LaunchScreen.storyboard;
			sourceTree = "<group>";
		};
/* End PBXVariantGroup section */

/* Begin XCBuildConfiguration section */
		5F7D3B5D284B66870068090B /* Debug */ = {
			isa = XCBuildConfiguration;
			buildSettings = {
				ALWAYS_SEARCH_USER_PATHS = NO;
				CLANG_ANALYZER_NONNULL = YES;
				CLANG_ANALYZER_NUMBER_OBJECT_CONVERSION = YES_AGGRESSIVE;
				CLANG_CXX_LANGUAGE_STANDARD = "gnu++17";
				CLANG_ENABLE_MODULES = YES;
				CLANG_ENABLE_OBJC_ARC = YES;
				CLANG_ENABLE_OBJC_WEAK = YES;
				CLANG_WARN_BLOCK_CAPTURE_AUTORELEASING = YES;
				CLANG_WARN_BOOL_CONVERSION = YES;
				CLANG_WARN_COMMA = YES;
				CLANG_WARN_CONSTANT_CONVERSION = YES;
				CLANG_WARN_DEPRECATED_OBJC_IMPLEMENTATIONS = YES;
				CLANG_WARN_DIRECT_OBJC_ISA_USAGE = YES_ERROR;
				CLANG_WARN_DOCUMENTATION_COMMENTS = YES;
				CLANG_WARN_EMPTY_BODY = YES;
				CLANG_WARN_ENUM_CONVERSION = YES;
				CLANG_WARN_INFINITE_RECURSION = YES;
				CLANG_WARN_INT_CONVERSION = YES;
				CLANG_WARN_NON_LITERAL_NULL_CONVERSION = YES;
				CLANG_WARN_OBJC_IMPLICIT_RETAIN_SELF = YES;
				CLANG_WARN_OBJC_LITERAL_CONVERSION = YES;
				CLANG_WARN_OBJC_ROOT_CLASS = YES_ERROR;
				CLANG_WARN_QUOTED_INCLUDE_IN_FRAMEWORK_HEADER = YES;
				CLANG_WARN_RANGE_LOOP_ANALYSIS = YES;
				CLANG_WARN_STRICT_PROTOTYPES = YES;
				CLANG_WARN_SUSPICIOUS_MOVE = YES;
				CLANG_WARN_UNGUARDED_AVAILABILITY = YES_AGGRESSIVE;
				CLANG_WARN_UNREACHABLE_CODE = YES;
				CLANG_WARN__DUPLICATE_METHOD_MATCH = YES;
				COPY_PHASE_STRIP = NO;
				DEBUG_INFORMATION_FORMAT = dwarf;
				ENABLE_STRICT_OBJC_MSGSEND = YES;
				ENABLE_TESTABILITY = YES;
				GCC_C_LANGUAGE_STANDARD = gnu11;
				GCC_DYNAMIC_NO_PIC = NO;
				GCC_NO_COMMON_BLOCKS = YES;
				GCC_OPTIMIZATION_LEVEL = 0;
				GCC_PREPROCESSOR_DEFINITIONS = (
					"DEBUG=1",
					"$(inherited)",
				);
				GCC_WARN_64_TO_32_BIT_CONVERSION = YES;
				GCC_WARN_ABOUT_RETURN_TYPE = YES_ERROR;
				GCC_WARN_UNDECLARED_SELECTOR = YES;
				GCC_WARN_UNINITIALIZED_AUTOS = YES_AGGRESSIVE;
				GCC_WARN_UNUSED_FUNCTION = YES;
				GCC_WARN_UNUSED_VARIABLE = YES;
				IPHONEOS_DEPLOYMENT_TARGET = 15.5;
				MTL_ENABLE_DEBUG_INFO = INCLUDE_SOURCE;
				MTL_FAST_MATH = YES;
				ONLY_ACTIVE_ARCH = YES;
				SDKROOT = iphoneos;
				SWIFT_ACTIVE_COMPILATION_CONDITIONS = DEBUG;
				SWIFT_OPTIMIZATION_LEVEL = "-Onone";
			};
			name = Debug;
		};
		5F7D3B5E284B66870068090B /* Release */ = {
			isa = XCBuildConfiguration;
			buildSettings = {
				ALWAYS_SEARCH_USER_PATHS = NO;
				CLANG_ANALYZER_NONNULL = YES;
				CLANG_ANALYZER_NUMBER_OBJECT_CONVERSION = YES_AGGRESSIVE;
				CLANG_CXX_LANGUAGE_STANDARD = "gnu++17";
				CLANG_ENABLE_MODULES = YES;
				CLANG_ENABLE_OBJC_ARC = YES;
				CLANG_ENABLE_OBJC_WEAK = YES;
				CLANG_WARN_BLOCK_CAPTURE_AUTORELEASING = YES;
				CLANG_WARN_BOOL_CONVERSION = YES;
				CLANG_WARN_COMMA = YES;
				CLANG_WARN_CONSTANT_CONVERSION = YES;
				CLANG_WARN_DEPRECATED_OBJC_IMPLEMENTATIONS = YES;
				CLANG_WARN_DIRECT_OBJC_ISA_USAGE = YES_ERROR;
				CLANG_WARN_DOCUMENTATION_COMMENTS = YES;
				CLANG_WARN_EMPTY_BODY = YES;
				CLANG_WARN_ENUM_CONVERSION = YES;
				CLANG_WARN_INFINITE_RECURSION = YES;
				CLANG_WARN_INT_CONVERSION = YES;
				CLANG_WARN_NON_LITERAL_NULL_CONVERSION = YES;
				CLANG_WARN_OBJC_IMPLICIT_RETAIN_SELF = YES;
				CLANG_WARN_OBJC_LITERAL_CONVERSION = YES;
				CLANG_WARN_OBJC_ROOT_CLASS = YES_ERROR;
				CLANG_WARN_QUOTED_INCLUDE_IN_FRAMEWORK_HEADER = YES;
				CLANG_WARN_RANGE_LOOP_ANALYSIS = YES;
				CLANG_WARN_STRICT_PROTOTYPES = YES;
				CLANG_WARN_SUSPICIOUS_MOVE = YES;
				CLANG_WARN_UNGUARDED_AVAILABILITY = YES_AGGRESSIVE;
				CLANG_WARN_UNREACHABLE_CODE = YES;
				CLANG_WARN__DUPLICATE_METHOD_MATCH = YES;
				COPY_PHASE_STRIP = NO;
				DEBUG_INFORMATION_FORMAT = "dwarf-with-dsym";
				ENABLE_NS_ASSERTIONS = NO;
				ENABLE_STRICT_OBJC_MSGSEND = YES;
				GCC_C_LANGUAGE_STANDARD = gnu11;
				GCC_NO_COMMON_BLOCKS = YES;
				GCC_WARN_64_TO_32_BIT_CONVERSION = YES;
				GCC_WARN_ABOUT_RETURN_TYPE = YES_ERROR;
				GCC_WARN_UNDECLARED_SELECTOR = YES;
				GCC_WARN_UNINITIALIZED_AUTOS = YES_AGGRESSIVE;
				GCC_WARN_UNUSED_FUNCTION = YES;
				GCC_WARN_UNUSED_VARIABLE = YES;
				IPHONEOS_DEPLOYMENT_TARGET = 15.5;
				MTL_ENABLE_DEBUG_INFO = NO;
				MTL_FAST_MATH = YES;
				SDKROOT = iphoneos;
				SWIFT_COMPILATION_MODE = wholemodule;
				SWIFT_OPTIMIZATION_LEVEL = "-O";
				VALIDATE_PRODUCT = YES;
			};
			name = Release;
		};
		5F7D3B60284B66870068090B /* Debug */ = {
			isa = XCBuildConfiguration;
			buildSettings = {
				ASSETCATALOG_COMPILER_APPICON_NAME = AppIcon;
				ASSETCATALOG_COMPILER_GLOBAL_ACCENT_COLOR_NAME = AccentColor;
				CODE_SIGN_STYLE = Automatic;
				CURRENT_PROJECT_VERSION = 1;
				DEVELOPMENT_TEAM = M6P36UUCJC;
				GENERATE_INFOPLIST_FILE = YES;
				INFOPLIST_FILE = ContactList/App/Info.plist;
				INFOPLIST_KEY_UIApplicationSupportsIndirectInputEvents = YES;
				INFOPLIST_KEY_UILaunchStoryboardName = LaunchScreen;
				INFOPLIST_KEY_UIMainStoryboardFile = Main;
				INFOPLIST_KEY_UISupportedInterfaceOrientations_iPad = "UIInterfaceOrientationPortrait UIInterfaceOrientationPortraitUpsideDown UIInterfaceOrientationLandscapeLeft UIInterfaceOrientationLandscapeRight";
				INFOPLIST_KEY_UISupportedInterfaceOrientations_iPhone = "UIInterfaceOrientationPortrait UIInterfaceOrientationLandscapeLeft UIInterfaceOrientationLandscapeRight";
				LD_RUNPATH_SEARCH_PATHS = (
					"$(inherited)",
					"@executable_path/Frameworks",
				);
				MARKETING_VERSION = 1.0;
				PRODUCT_BUNDLE_IDENTIFIER = MEgorov.ContactList;
				PRODUCT_NAME = "$(TARGET_NAME)";
				SWIFT_EMIT_LOC_STRINGS = YES;
				SWIFT_VERSION = 5.0;
				TARGETED_DEVICE_FAMILY = 1;
			};
			name = Debug;
		};
		5F7D3B61284B66870068090B /* Release */ = {
			isa = XCBuildConfiguration;
			buildSettings = {
				ASSETCATALOG_COMPILER_APPICON_NAME = AppIcon;
				ASSETCATALOG_COMPILER_GLOBAL_ACCENT_COLOR_NAME = AccentColor;
				CODE_SIGN_STYLE = Automatic;
				CURRENT_PROJECT_VERSION = 1;
				DEVELOPMENT_TEAM = M6P36UUCJC;
				GENERATE_INFOPLIST_FILE = YES;
				INFOPLIST_FILE = ContactList/App/Info.plist;
				INFOPLIST_KEY_UIApplicationSupportsIndirectInputEvents = YES;
				INFOPLIST_KEY_UILaunchStoryboardName = LaunchScreen;
				INFOPLIST_KEY_UIMainStoryboardFile = Main;
				INFOPLIST_KEY_UISupportedInterfaceOrientations_iPad = "UIInterfaceOrientationPortrait UIInterfaceOrientationPortraitUpsideDown UIInterfaceOrientationLandscapeLeft UIInterfaceOrientationLandscapeRight";
				INFOPLIST_KEY_UISupportedInterfaceOrientations_iPhone = "UIInterfaceOrientationPortrait UIInterfaceOrientationLandscapeLeft UIInterfaceOrientationLandscapeRight";
				LD_RUNPATH_SEARCH_PATHS = (
					"$(inherited)",
					"@executable_path/Frameworks",
				);
				MARKETING_VERSION = 1.0;
				PRODUCT_BUNDLE_IDENTIFIER = MEgorov.ContactList;
				PRODUCT_NAME = "$(TARGET_NAME)";
				SWIFT_EMIT_LOC_STRINGS = YES;
				SWIFT_VERSION = 5.0;
				TARGETED_DEVICE_FAMILY = 1;
			};
			name = Release;
		};
/* End XCBuildConfiguration section */

/* Begin XCConfigurationList section */
		5F7D3B46284B66860068090B /* Build configuration list for PBXProject "ContactList" */ = {
			isa = XCConfigurationList;
			buildConfigurations = (
				5F7D3B5D284B66870068090B /* Debug */,
				5F7D3B5E284B66870068090B /* Release */,
			);
			defaultConfigurationIsVisible = 0;
			defaultConfigurationName = Release;
		};
		5F7D3B5F284B66870068090B /* Build configuration list for PBXNativeTarget "ContactList" */ = {
			isa = XCConfigurationList;
			buildConfigurations = (
				5F7D3B60284B66870068090B /* Debug */,
				5F7D3B61284B66870068090B /* Release */,
			);
			defaultConfigurationIsVisible = 0;
			defaultConfigurationName = Release;
		};
/* End XCConfigurationList section */
	};
	rootObject = 5F7D3B43284B66860068090B /* Project object */;
}
